
Microsoft Visual Studio Solution File, Format Version 12.00
# Visual Studio Version 16
VisualStudioVersion = 16.0.30804.86
MinimumVisualStudioVersion = 10.0.40219.1
Project("{FAE04EC0-301F-11D3-BF4B-00C04F79EFBC}") = "DesignPattern_Project", "DesignPattern_Project.csproj", "{E9548A41-9EF2-42E8-B9D5-69668EEF869A}"
EndProject
Global
	GlobalSection(SolutionConfigurationPlatforms) = preSolution
		Debug|Any CPU = Debug|Any CPU
		Release|Any CPU = Release|Any CPU
	EndGlobalSection
	GlobalSection(ProjectConfigurationPlatforms) = postSolution
		{E9548A41-9EF2-42E8-B9D5-69668EEF869A}.Debug|Any CPU.ActiveCfg = Debug|Any CPU
		{E9548A41-9EF2-42E8-B9D5-69668EEF869A}.Debug|Any CPU.Build.0 = Debug|Any CPU
		{E9548A41-9EF2-42E8-B9D5-69668EEF869A}.Release|Any CPU.ActiveCfg = Release|Any CPU
		{E9548A41-9EF2-42E8-B9D5-69668EEF869A}.Release|Any CPU.Build.0 = Release|Any CPU
	EndGlobalSection
	GlobalSection(SolutionProperties) = preSolution
		HideSolutionNode = FALSE
	EndGlobalSection
	GlobalSection(ExtensibilityGlobals) = postSolution
		SolutionGuid = {F9569B2C-04E7-4590-BD8E-227D8DDF6803}
	EndGlobalSection
EndGlobal
